// !$*UTF8*$!
{
	archiveVersion = 1;
	classes = {
	};
	objectVersion = 77;
	objects = {

/* Begin PBXBuildFile section */
		E3A6DAEE2DBCD56D0035B0CB /* CanvasView.swift in Sources */ = {isa = PBXBuildFile; fileRef = E3A6DAEB2DBCD56D0035B0CB /* CanvasView.swift */; };
		E3A6DAEF2DBCD56D0035B0CB /* iOSSample_1_CanvasEditorApp.swift in Sources */ = {isa = PBXBuildFile; fileRef = E3A6DAEC2DBCD56D0035B0CB /* iOSSample_1_CanvasEditorApp.swift */; };
		E3A6DAF02DBCD56D0035B0CB /* Preview Assets.xcassets in Resources */ = {isa = PBXBuildFile; fileRef = E3A6DAE82DBCD56D0035B0CB /* Preview Assets.xcassets */; };
		E3A6DAF12DBCD56D0035B0CB /* Assets.xcassets in Resources */ = {isa = PBXBuildFile; fileRef = E3A6DAEA2DBCD56D0035B0CB /* Assets.xcassets */; };
		E3A6DAF52DBCD5930035B0CB /* CanvasViewModel.swift in Sources */ = {isa = PBXBuildFile; fileRef = E3A6DAF42DBCD5930035B0CB /* CanvasViewModel.swift */; };
		E3A6DAF82DBCDFC20035B0CB /* CanvasItem.swift in Sources */ = {isa = PBXBuildFile; fileRef = E3A6DAF72DBCDFC20035B0CB /* CanvasItem.swift */; };
		E3A6DAFA2DBCE3BD0035B0CB /* CanvasItemView.swift in Sources */ = {isa = PBXBuildFile; fileRef = E3A6DAF92DBCE3BD0035B0CB /* CanvasItemView.swift */; };
/* End PBXBuildFile section */

/* Begin PBXFileReference section */
		E3A6DAD52DBCD3840035B0CB /* iOSSample_1_CanvasEditor.app */ = {isa = PBXFileReference; explicitFileType = wrapper.application; includeInIndex = 0; path = iOSSample_1_CanvasEditor.app; sourceTree = BUILT_PRODUCTS_DIR; };
		E3A6DAE82DBCD56D0035B0CB /* Preview Assets.xcassets */ = {isa = PBXFileReference; lastKnownFileType = folder.assetcatalog; path = "Preview Assets.xcassets"; sourceTree = "<group>"; };
		E3A6DAEA2DBCD56D0035B0CB /* Assets.xcassets */ = {isa = PBXFileReference; lastKnownFileType = folder.assetcatalog; path = Assets.xcassets; sourceTree = "<group>"; };
		E3A6DAEB2DBCD56D0035B0CB /* CanvasView.swift */ = {isa = PBXFileReference; lastKnownFileType = sourcecode.swift; path = CanvasView.swift; sourceTree = "<group>"; };
		E3A6DAEC2DBCD56D0035B0CB /* iOSSample_1_CanvasEditorApp.swift */ = {isa = PBXFileReference; lastKnownFileType = sourcecode.swift; path = iOSSample_1_CanvasEditorApp.swift; sourceTree = "<group>"; };
		E3A6DAF42DBCD5930035B0CB /* CanvasViewModel.swift */ = {isa = PBXFileReference; lastKnownFileType = sourcecode.swift; path = CanvasViewModel.swift; sourceTree = "<group>"; };
		E3A6DAF72DBCDFC20035B0CB /* CanvasItem.swift */ = {isa = PBXFileReference; lastKnownFileType = sourcecode.swift; path = CanvasItem.swift; sourceTree = "<group>"; };
		E3A6DAF92DBCE3BD0035B0CB /* CanvasItemView.swift */ = {isa = PBXFileReference; lastKnownFileType = sourcecode.swift; path = CanvasItemView.swift; sourceTree = "<group>"; };
/* End PBXFileReference section */

/* Begin PBXFrameworksBuildPhase section */
		E3A6DAD22DBCD3840035B0CB /* Frameworks */ = {
			isa = PBXFrameworksBuildPhase;
			buildActionMask = 2147483647;
			files = (
			);
			runOnlyForDeploymentPostprocessing = 0;
		};
/* End PBXFrameworksBuildPhase section */

/* Begin PBXGroup section */
		E3A6DACC2DBCD3840035B0CB = {
			isa = PBXGroup;
			children = (
				E3A6DAED2DBCD56D0035B0CB /* iOSSample_1_CanvasEditor */,
				E3A6DAD62DBCD3840035B0CB /* Products */,
			);
			sourceTree = "<group>";
		};
		E3A6DAD62DBCD3840035B0CB /* Products */ = {
			isa = PBXGroup;
			children = (
				E3A6DAD52DBCD3840035B0CB /* iOSSample_1_CanvasEditor.app */,
			);
			name = Products;
			sourceTree = "<group>";
		};
		E3A6DAE92DBCD56D0035B0CB /* Preview Content */ = {
			isa = PBXGroup;
			children = (
				E3A6DAE82DBCD56D0035B0CB /* Preview Assets.xcassets */,
			);
			path = "Preview Content";
			sourceTree = "<group>";
		};
		E3A6DAED2DBCD56D0035B0CB /* iOSSample_1_CanvasEditor */ = {
			isa = PBXGroup;
			children = (
				E3A6DAF62DBCDFBD0035B0CB /* CanvasItem */,
				E3A6DAF32DBCD5850035B0CB /* ViewModels */,
				E3A6DAF22DBCD5700035B0CB /* Views */,
				E3A6DAE92DBCD56D0035B0CB /* Preview Content */,
				E3A6DAEA2DBCD56D0035B0CB /* Assets.xcassets */,
				E3A6DAEC2DBCD56D0035B0CB /* iOSSample_1_CanvasEditorApp.swift */,
			);
			path = iOSSample_1_CanvasEditor;
			sourceTree = "<group>";
		};
		E3A6DAF22DBCD5700035B0CB /* Views */ = {
			isa = PBXGroup;
			children = (
				E3A6DAEB2DBCD56D0035B0CB /* CanvasView.swift */,
				E3A6DAF92DBCE3BD0035B0CB /* CanvasItemView.swift */,
			);
			path = Views;
			sourceTree = "<group>";
		};
		E3A6DAF32DBCD5850035B0CB /* ViewModels */ = {
			isa = PBXGroup;
			children = (
				E3A6DAF42DBCD5930035B0CB /* CanvasViewModel.swift */,
			);
			path = ViewModels;
			sourceTree = "<group>";
		};
		E3A6DAF62DBCDFBD0035B0CB /* CanvasItem */ = {
			isa = PBXGroup;
			children = (
				E3A6DAF72DBCDFC20035B0CB /* CanvasItem.swift */,
			);
			path = CanvasItem;
			sourceTree = "<group>";
		};
/* End PBXGroup section */

/* Begin PBXNativeTarget section */
		E3A6DAD42DBCD3840035B0CB /* iOSSample_1_CanvasEditor */ = {
			isa = PBXNativeTarget;
			buildConfigurationList = E3A6DAE32DBCD3860035B0CB /* Build configuration list for PBXNativeTarget "iOSSample_1_CanvasEditor" */;
			buildPhases = (
				E3A6DAD12DBCD3840035B0CB /* Sources */,
				E3A6DAD22DBCD3840035B0CB /* Frameworks */,
				E3A6DAD32DBCD3840035B0CB /* Resources */,
			);
			buildRules = (
			);
			dependencies = (
			);
			name = iOSSample_1_CanvasEditor;
			packageProductDependencies = (
			);
			productName = iOSSample_1_CanvasEditor;
			productReference = E3A6DAD52DBCD3840035B0CB /* iOSSample_1_CanvasEditor.app */;
			productType = "com.apple.product-type.application";
		};
/* End PBXNativeTarget section */

/* Begin PBXProject section */
		E3A6DACD2DBCD3840035B0CB /* Project object */ = {
			isa = PBXProject;
			attributes = {
				BuildIndependentTargetsInParallel = 1;
				LastSwiftUpdateCheck = 1600;
				LastUpgradeCheck = 1600;
				TargetAttributes = {
					E3A6DAD42DBCD3840035B0CB = {
						CreatedOnToolsVersion = 16.0;
					};
				};
			};
			buildConfigurationList = E3A6DAD02DBCD3840035B0CB /* Build configuration list for PBXProject "iOSSample_1_CanvasEditor" */;
			developmentRegion = en;
			hasScannedForEncodings = 0;
			knownRegions = (
				en,
				Base,
			);
			mainGroup = E3A6DACC2DBCD3840035B0CB;
			minimizedProjectReferenceProxies = 1;
			preferredProjectObjectVersion = 77;
			productRefGroup = E3A6DAD62DBCD3840035B0CB /* Products */;
			projectDirPath = "";
			projectRoot = "";
			targets = (
				E3A6DAD42DBCD3840035B0CB /* iOSSample_1_CanvasEditor */,
			);
		};
/* End PBXProject section */

/* Begin PBXResourcesBuildPhase section */
		E3A6DAD32DBCD3840035B0CB /* Resources */ = {
			isa = PBXResourcesBuildPhase;
			buildActionMask = 2147483647;
			files = (
				E3A6DAF02DBCD56D0035B0CB /* Preview Assets.xcassets in Resources */,
				E3A6DAF12DBCD56D0035B0CB /* Assets.xcassets in Resources */,
			);
			runOnlyForDeploymentPostprocessing = 0;
		};
/* End PBXResourcesBuildPhase section */

/* Begin PBXSourcesBuildPhase section */
		E3A6DAD12DBCD3840035B0CB /* Sources */ = {
			isa = PBXSourcesBuildPhase;
			buildActionMask = 2147483647;
			files = (
				E3A6DAF82DBCDFC20035B0CB /* CanvasItem.swift in Sources */,
				E3A6DAEE2DBCD56D0035B0CB /* CanvasView.swift in Sources */,
				E3A6DAEF2DBCD56D0035B0CB /* iOSSample_1_CanvasEditorApp.swift in Sources */,
				E3A6DAFA2DBCE3BD0035B0CB /* CanvasItemView.swift in Sources */,
				E3A6DAF52DBCD5930035B0CB /* CanvasViewModel.swift in Sources */,
			);
			runOnlyForDeploymentPostprocessing = 0;
		};
/* End PBXSourcesBuildPhase section */

/* Begin XCBuildConfiguration section */
		E3A6DAE12DBCD3860035B0CB /* Debug */ = {
			isa = XCBuildConfiguration;
			buildSettings = {
				ALWAYS_SEARCH_USER_PATHS = NO;
				ASSETCATALOG_COMPILER_GENERATE_SWIFT_ASSET_SYMBOL_EXTENSIONS = YES;
				CLANG_ANALYZER_NONNULL = YES;
				CLANG_ANALYZER_NUMBER_OBJECT_CONVERSION = YES_AGGRESSIVE;
				CLANG_CXX_LANGUAGE_STANDARD = "gnu++20";
				CLANG_ENABLE_MODULES = YES;
				CLANG_ENABLE_OBJC_ARC = YES;
				CLANG_ENABLE_OBJC_WEAK = YES;
				CLANG_WARN_BLOCK_CAPTURE_AUTORELEASING = YES;
				CLANG_WARN_BOOL_CONVERSION = YES;
				CLANG_WARN_COMMA = YES;
				CLANG_WARN_CONSTANT_CONVERSION = YES;
				CLANG_WARN_DEPRECATED_OBJC_IMPLEMENTATIONS = YES;
				CLANG_WARN_DIRECT_OBJC_ISA_USAGE = YES_ERROR;
				CLANG_WARN_DOCUMENTATION_COMMENTS = YES;
				CLANG_WARN_EMPTY_BODY = YES;
				CLANG_WARN_ENUM_CONVERSION = YES;
				CLANG_WARN_INFINITE_RECURSION = YES;
				CLANG_WARN_INT_CONVERSION = YES;
				CLANG_WARN_NON_LITERAL_NULL_CONVERSION = YES;
				CLANG_WARN_OBJC_IMPLICIT_RETAIN_SELF = YES;
				CLANG_WARN_OBJC_LITERAL_CONVERSION = YES;
				CLANG_WARN_OBJC_ROOT_CLASS = YES_ERROR;
				CLANG_WARN_QUOTED_INCLUDE_IN_FRAMEWORK_HEADER = YES;
				CLANG_WARN_RANGE_LOOP_ANALYSIS = YES;
				CLANG_WARN_STRICT_PROTOTYPES = YES;
				CLANG_WARN_SUSPICIOUS_MOVE = YES;
				CLANG_WARN_UNGUARDED_AVAILABILITY = YES_AGGRESSIVE;
				CLANG_WARN_UNREACHABLE_CODE = YES;
				CLANG_WARN__DUPLICATE_METHOD_MATCH = YES;
				COPY_PHASE_STRIP = NO;
				DEBUG_INFORMATION_FORMAT = dwarf;
				ENABLE_STRICT_OBJC_MSGSEND = YES;
				ENABLE_TESTABILITY = YES;
				ENABLE_USER_SCRIPT_SANDBOXING = YES;
				GCC_C_LANGUAGE_STANDARD = gnu17;
				GCC_DYNAMIC_NO_PIC = NO;
				GCC_NO_COMMON_BLOCKS = YES;
				GCC_OPTIMIZATION_LEVEL = 0;
				GCC_PREPROCESSOR_DEFINITIONS = (
					"DEBUG=1",
					"$(inherited)",
				);
				GCC_WARN_64_TO_32_BIT_CONVERSION = YES;
				GCC_WARN_ABOUT_RETURN_TYPE = YES_ERROR;
				GCC_WARN_UNDECLARED_SELECTOR = YES;
				GCC_WARN_UNINITIALIZED_AUTOS = YES_AGGRESSIVE;
				GCC_WARN_UNUSED_FUNCTION = YES;
				GCC_WARN_UNUSED_VARIABLE = YES;
				IPHONEOS_DEPLOYMENT_TARGET = 18.0;
				LOCALIZATION_PREFERS_STRING_CATALOGS = YES;
				MTL_ENABLE_DEBUG_INFO = INCLUDE_SOURCE;
				MTL_FAST_MATH = YES;
				ONLY_ACTIVE_ARCH = YES;
				SDKROOT = iphoneos;
				SWIFT_ACTIVE_COMPILATION_CONDITIONS = "DEBUG $(inherited)";
				SWIFT_OPTIMIZATION_LEVEL = "-Onone";
			};
			name = Debug;
		};
		E3A6DAE22DBCD3860035B0CB /* Release */ = {
			isa = XCBuildConfiguration;
			buildSettings = {
				ALWAYS_SEARCH_USER_PATHS = NO;
				ASSETCATALOG_COMPILER_GENERATE_SWIFT_ASSET_SYMBOL_EXTENSIONS = YES;
				CLANG_ANALYZER_NONNULL = YES;
				CLANG_ANALYZER_NUMBER_OBJECT_CONVERSION = YES_AGGRESSIVE;
				CLANG_CXX_LANGUAGE_STANDARD = "gnu++20";
				CLANG_ENABLE_MODULES = YES;
				CLANG_ENABLE_OBJC_ARC = YES;
				CLANG_ENABLE_OBJC_WEAK = YES;
				CLANG_WARN_BLOCK_CAPTURE_AUTORELEASING = YES;
				CLANG_WARN_BOOL_CONVERSION = YES;
				CLANG_WARN_COMMA = YES;
				CLANG_WARN_CONSTANT_CONVERSION = YES;
				CLANG_WARN_DEPRECATED_OBJC_IMPLEMENTATIONS = YES;
				CLANG_WARN_DIRECT_OBJC_ISA_USAGE = YES_ERROR;
				CLANG_WARN_DOCUMENTATION_COMMENTS = YES;
				CLANG_WARN_EMPTY_BODY = YES;
				CLANG_WARN_ENUM_CONVERSION = YES;
				CLANG_WARN_INFINITE_RECURSION = YES;
				CLANG_WARN_INT_CONVERSION = YES;
				CLANG_WARN_NON_LITERAL_NULL_CONVERSION = YES;
				CLANG_WARN_OBJC_IMPLICIT_RETAIN_SELF = YES;
				CLANG_WARN_OBJC_LITERAL_CONVERSION = YES;
				CLANG_WARN_OBJC_ROOT_CLASS = YES_ERROR;
				CLANG_WARN_QUOTED_INCLUDE_IN_FRAMEWORK_HEADER = YES;
				CLANG_WARN_RANGE_LOOP_ANALYSIS = YES;
				CLANG_WARN_STRICT_PROTOTYPES = YES;
				CLANG_WARN_SUSPICIOUS_MOVE = YES;
				CLANG_WARN_UNGUARDED_AVAILABILITY = YES_AGGRESSIVE;
				CLANG_WARN_UNREACHABLE_CODE = YES;
				CLANG_WARN__DUPLICATE_METHOD_MATCH = YES;
				COPY_PHASE_STRIP = NO;
				DEBUG_INFORMATION_FORMAT = "dwarf-with-dsym";
				ENABLE_NS_ASSERTIONS = NO;
				ENABLE_STRICT_OBJC_MSGSEND = YES;
				ENABLE_USER_SCRIPT_SANDBOXING = YES;
				GCC_C_LANGUAGE_STANDARD = gnu17;
				GCC_NO_COMMON_BLOCKS = YES;
				GCC_WARN_64_TO_32_BIT_CONVERSION = YES;
				GCC_WARN_ABOUT_RETURN_TYPE = YES_ERROR;
				GCC_WARN_UNDECLARED_SELECTOR = YES;
				GCC_WARN_UNINITIALIZED_AUTOS = YES_AGGRESSIVE;
				GCC_WARN_UNUSED_FUNCTION = YES;
				GCC_WARN_UNUSED_VARIABLE = YES;
				IPHONEOS_DEPLOYMENT_TARGET = 18.0;
				LOCALIZATION_PREFERS_STRING_CATALOGS = YES;
				MTL_ENABLE_DEBUG_INFO = NO;
				MTL_FAST_MATH = YES;
				SDKROOT = iphoneos;
				SWIFT_COMPILATION_MODE = wholemodule;
				VALIDATE_PRODUCT = YES;
			};
			name = Release;
		};
		E3A6DAE42DBCD3860035B0CB /* Debug */ = {
			isa = XCBuildConfiguration;
			buildSettings = {
				ASSETCATALOG_COMPILER_APPICON_NAME = AppIcon;
				ASSETCATALOG_COMPILER_GLOBAL_ACCENT_COLOR_NAME = AccentColor;
				CODE_SIGN_STYLE = Automatic;
				CURRENT_PROJECT_VERSION = 1;
				DEVELOPMENT_ASSET_PATHS = "\"iOSSample_1_CanvasEditor/Preview Content\"";
				DEVELOPMENT_TEAM = LL4B2UX629;
				ENABLE_PREVIEWS = YES;
				GENERATE_INFOPLIST_FILE = YES;
				INFOPLIST_KEY_UIApplicationSceneManifest_Generation = YES;
				INFOPLIST_KEY_UIApplicationSupportsIndirectInputEvents = YES;
				INFOPLIST_KEY_UILaunchScreen_Generation = YES;
				INFOPLIST_KEY_UISupportedInterfaceOrientations_iPad = "UIInterfaceOrientationPortrait UIInterfaceOrientationPortraitUpsideDown UIInterfaceOrientationLandscapeLeft UIInterfaceOrientationLandscapeRight";
				INFOPLIST_KEY_UISupportedInterfaceOrientations_iPhone = "UIInterfaceOrientationPortrait UIInterfaceOrientationLandscapeLeft UIInterfaceOrientationLandscapeRight";
				LD_RUNPATH_SEARCH_PATHS = (
					"$(inherited)",
					"@executable_path/Frameworks",
				);
				MARKETING_VERSION = 1.0;
				PRODUCT_BUNDLE_IDENTIFIER = "com.blev.iOSSample-1-CanvasEditor";
				PRODUCT_NAME = "$(TARGET_NAME)";
				SWIFT_EMIT_LOC_STRINGS = YES;
				SWIFT_VERSION = 5.0;
				TARGETED_DEVICE_FAMILY = "1,2";
			};
			name = Debug;
		};
		E3A6DAE52DBCD3860035B0CB /* Release */ = {
			isa = XCBuildConfiguration;
			buildSettings = {
				ASSETCATALOG_COMPILER_APPICON_NAME = AppIcon;
				ASSETCATALOG_COMPILER_GLOBAL_ACCENT_COLOR_NAME = AccentColor;
				CODE_SIGN_STYLE = Automatic;
				CURRENT_PROJECT_VERSION = 1;
				DEVELOPMENT_ASSET_PATHS = "\"iOSSample_1_CanvasEditor/Preview Content\"";
				DEVELOPMENT_TEAM = LL4B2UX629;
				ENABLE_PREVIEWS = YES;
				GENERATE_INFOPLIST_FILE = YES;
				INFOPLIST_KEY_UIApplicationSceneManifest_Generation = YES;
				INFOPLIST_KEY_UIApplicationSupportsIndirectInputEvents = YES;
				INFOPLIST_KEY_UILaunchScreen_Generation = YES;
				INFOPLIST_KEY_UISupportedInterfaceOrientations_iPad = "UIInterfaceOrientationPortrait UIInterfaceOrientationPortraitUpsideDown UIInterfaceOrientationLandscapeLeft UIInterfaceOrientationLandscapeRight";
				INFOPLIST_KEY_UISupportedInterfaceOrientations_iPhone = "UIInterfaceOrientationPortrait UIInterfaceOrientationLandscapeLeft UIInterfaceOrientationLandscapeRight";
				LD_RUNPATH_SEARCH_PATHS = (
					"$(inherited)",
					"@executable_path/Frameworks",
				);
				MARKETING_VERSION = 1.0;
				PRODUCT_BUNDLE_IDENTIFIER = "com.blev.iOSSample-1-CanvasEditor";
				PRODUCT_NAME = "$(TARGET_NAME)";
				SWIFT_EMIT_LOC_STRINGS = YES;
				SWIFT_VERSION = 5.0;
				TARGETED_DEVICE_FAMILY = "1,2";
			};
			name = Release;
		};
/* End XCBuildConfiguration section */

/* Begin XCConfigurationList section */
		E3A6DAD02DBCD3840035B0CB /* Build configuration list for PBXProject "iOSSample_1_CanvasEditor" */ = {
			isa = XCConfigurationList;
			buildConfigurations = (
				E3A6DAE12DBCD3860035B0CB /* Debug */,
				E3A6DAE22DBCD3860035B0CB /* Release */,
			);
			defaultConfigurationIsVisible = 0;
			defaultConfigurationName = Release;
		};
		E3A6DAE32DBCD3860035B0CB /* Build configuration list for PBXNativeTarget "iOSSample_1_CanvasEditor" */ = {
			isa = XCConfigurationList;
			buildConfigurations = (
				E3A6DAE42DBCD3860035B0CB /* Debug */,
				E3A6DAE52DBCD3860035B0CB /* Release */,
			);
			defaultConfigurationIsVisible = 0;
			defaultConfigurationName = Release;
		};
/* End XCConfigurationList section */
	};
	rootObject = E3A6DACD2DBCD3840035B0CB /* Project object */;
}
